
Microsoft Visual Studio Solution File, Format Version 12.00
# Visual Studio Version 17
VisualStudioVersion = 17.9.34728.123
MinimumVisualStudioVersion = 10.0.40219.1
Project("{FAE04EC0-301F-11D3-BF4B-00C04F79EFBC}") = "I18nCN", "I18nCN.csproj", "{614860BD-1974-414F-8726-189DD3518899}"
EndProject
Global
	GlobalSection(SolutionConfigurationPlatforms) = preSolution
		Debug|Any CPU = Debug|Any CPU
		Release|Any CPU = Release|Any CPU
	EndGlobalSection
	GlobalSection(ProjectConfigurationPlatforms) = postSolution
		{614860BD-1974-414F-8726-189DD3518899}.Debug|Any CPU.ActiveCfg = Debug|Any CPU
		{614860BD-1974-414F-8726-189DD3518899}.Debug|Any CPU.Build.0 = Debug|Any CPU
		{614860BD-1974-414F-8726-189DD3518899}.Release|Any CPU.ActiveCfg = Release|Any CPU
		{614860BD-1974-414F-8726-189DD3518899}.Release|Any CPU.Build.0 = Release|Any CPU
	EndGlobalSection
	GlobalSection(SolutionProperties) = preSolution
		HideSolutionNode = FALSE
	EndGlobalSection
	GlobalSection(ExtensibilityGlobals) = postSolution
		SolutionGuid = {52373474-8886-43C1-9B50-4B4BB064E038}
	EndGlobalSection
EndGlobal
